
Microsoft Visual Studio Solution File, Format Version 12.00
# Visual Studio Version 17
VisualStudioVersion = 17.11.35208.52
MinimumVisualStudioVersion = 10.0.40219.1
Project("{9A19103F-16F7-4668-BE54-9A1E7A4F7556}") = "WinFormsApp6", "WinFormsApp6.csproj", "{B43A2D01-ECEA-4267-B17F-84FEDA6F0338}"
EndProject
Project("{FAE04EC0-301F-11D3-BF4B-00C04F79EFBC}") = "WinFormsApp6.Tests", "..\WinFormsApp6.Tests\WinFormsApp6.Tests.csproj", "{29018E99-03BD-475D-BA99-9081C5275AC7}"
EndProject
Global
	GlobalSection(SolutionConfigurationPlatforms) = preSolution
		Debug|Any CPU = Debug|Any CPU
		Release|Any CPU = Release|Any CPU
	EndGlobalSection
	GlobalSection(ProjectConfigurationPlatforms) = postSolution
		{B43A2D01-ECEA-4267-B17F-84FEDA6F0338}.Debug|Any CPU.ActiveCfg = Debug|Any CPU
		{B43A2D01-ECEA-4267-B17F-84FEDA6F0338}.Debug|Any CPU.Build.0 = Debug|Any CPU
		{B43A2D01-ECEA-4267-B17F-84FEDA6F0338}.Release|Any CPU.ActiveCfg = Release|Any CPU
		{B43A2D01-ECEA-4267-B17F-84FEDA6F0338}.Release|Any CPU.Build.0 = Release|Any CPU
		{29018E99-03BD-475D-BA99-9081C5275AC7}.Debug|Any CPU.ActiveCfg = Debug|Any CPU
		{29018E99-03BD-475D-BA99-9081C5275AC7}.Debug|Any CPU.Build.0 = Debug|Any CPU
		{29018E99-03BD-475D-BA99-9081C5275AC7}.Release|Any CPU.ActiveCfg = Release|Any CPU
		{29018E99-03BD-475D-BA99-9081C5275AC7}.Release|Any CPU.Build.0 = Release|Any CPU
	EndGlobalSection
	GlobalSection(SolutionProperties) = preSolution
		HideSolutionNode = FALSE
	EndGlobalSection
	GlobalSection(ExtensibilityGlobals) = postSolution
		SolutionGuid = {EF588D88-28EA-408E-A5FB-7E6DF6D44770}
	EndGlobalSection
EndGlobal
